
Microsoft Visual Studio Solution File, Format Version 12.00
# Visual Studio Version 17
VisualStudioVersion = 17.0.31903.59
MinimumVisualStudioVersion = 10.0.40219.1
Project("{FAE04EC0-301F-11D3-BF4B-00C04F79EFBC}") = "PrimeService", "PrimeService\PrimeService.csproj", "{5C2D0006-F7EB-4558-9443-0C79360FB37C}"
EndProject
Project("{FAE04EC0-301F-11D3-BF4B-00C04F79EFBC}") = "PrimeService.Tests", "PrimeService.Tests\PrimeService.Tests.csproj", "{C1C39786-CB40-43F0-84B0-0388A3790447}"
EndProject
Global
	GlobalSection(SolutionConfigurationPlatforms) = preSolution
		Debug|Any CPU = Debug|Any CPU
		Release|Any CPU = Release|Any CPU
	EndGlobalSection
	GlobalSection(SolutionProperties) = preSolution
		HideSolutionNode = FALSE
	EndGlobalSection
	GlobalSection(ProjectConfigurationPlatforms) = postSolution
		{5C2D0006-F7EB-4558-9443-0C79360FB37C}.Debug|Any CPU.ActiveCfg = Debug|Any CPU
		{5C2D0006-F7EB-4558-9443-0C79360FB37C}.Debug|Any CPU.Build.0 = Debug|Any CPU
		{5C2D0006-F7EB-4558-9443-0C79360FB37C}.Release|Any CPU.ActiveCfg = Release|Any CPU
		{5C2D0006-F7EB-4558-9443-0C79360FB37C}.Release|Any CPU.Build.0 = Release|Any CPU
		{C1C39786-CB40-43F0-84B0-0388A3790447}.Debug|Any CPU.ActiveCfg = Debug|Any CPU
		{C1C39786-CB40-43F0-84B0-0388A3790447}.Debug|Any CPU.Build.0 = Debug|Any CPU
		{C1C39786-CB40-43F0-84B0-0388A3790447}.Release|Any CPU.ActiveCfg = Release|Any CPU
		{C1C39786-CB40-43F0-84B0-0388A3790447}.Release|Any CPU.Build.0 = Release|Any CPU
	EndGlobalSection
EndGlobal
